{
  "lockfileVersion": 1,
  "sources": {
    "tingoon/agent-skills": {
      "requestedRef": "main",
      "resolvedRef": "2778e67dfdab2085725c6e8ad859d7f24db19438",
      "resolvedAt": "2026-09-24T14:47:29.800Z",
      "skills": {
        "create-commit": {
          "integrity": "sha256-1d5e12d91284fc7e4792665a66f3fc3a7c4840aac59c9f55b74b27f6a0e0274a"
        },
        "ux-writing": {
          "integrity": "sha256-e43f6c1ad372a1695488d92394c3189aab5c0ccdfecfda10c8ccf451c890403f"
        }
      },
      "skillSelection": [
        "*"
      ]
    },
    "emilkowalski/skills": {
      "requestedRef": "main",
      "resolvedRef": "85e8e2363b713506e1d5b6e07a0eb2da66be1bc3",
      "resolvedAt": "2026-09-24T14:47:30.730Z",
      "skills": {
        "apple-design": {
          "integrity": "sha256-79b75afd2538d394256f38f54b6b3815bb8e26bd5e3b33dbef8e858fd8ecbebf"
        }
      },
      "skillSelection": [
        "apple-design"
      ]
    },
    "vercel/turborepo": {
      "requestedRef": "main",
      "resolvedRef": "f9fa885f670b61ed6a09458649a426a8e4cdeeb4",
      "resolvedAt": "2026-09-24T14:47:41.960Z",
      "skills": {
        "turborepo": {
          "integrity": "sha256-623867566bc273610247d779101c230decdfaa79599bbb75324fa85e8bfc76f8"
        }
      },
      "skillSelection": [
        "turborepo"
      ]
    }
  }
}
